
Microsoft Visual Studio Solution File, Format Version 12.00
# Visual Studio Version 17
VisualStudioVersion = 17.0.31903.59
MinimumVisualStudioVersion = 10.0.40219.1
Project("{2150E333-8FDC-42A3-9474-1A3956D46DE8}") = "src", "src", "{C5888900-6BB5-4EC8-BF0D-CEC916DF6BC3}"
EndProject
Project("{2150E333-8FDC-42A3-9474-1A3956D46DE8}") = "domain", "domain", "{5FC90F7A-8BFE-46FD-A63F-7A30E7BF401D}"
EndProject
Project("{2150E333-8FDC-42A3-9474-1A3956D46DE8}") = "persistence", "persistence", "{36D96DEE-6988-472F-AD2C-1B66F921A36E}"
EndProject
Project("{FAE04EC0-301F-11D3-BF4B-00C04F79EFBC}") = "BookShop.Domain", "src\domain\BookShop.Domain\BookShop.Domain.csproj", "{1BCB6725-E8F5-4BDD-84C5-AA8A558BA353}"
EndProject
Project("{FAE04EC0-301F-11D3-BF4B-00C04F79EFBC}") = "BookShop.Persistence", "src\persistence\BookShop.Persistence\BookShop.Persistence.csproj", "{AF0204BF-EE61-4891-B8A2-E41418F34333}"
EndProject
Project("{2150E333-8FDC-42A3-9474-1A3956D46DE8}") = "api", "api", "{08569402-D18C-4BC9-B12C-447B68128D1B}"
EndProject
Project("{FAE04EC0-301F-11D3-BF4B-00C04F79EFBC}") = "BookShop.Api", "src\api\BookShop.Api\BookShop.Api.csproj", "{DC3E72A8-3363-4366-A3F5-BE2D4F0FD0F6}"
EndProject
Global
	GlobalSection(SolutionConfigurationPlatforms) = preSolution
		Debug|Any CPU = Debug|Any CPU
		Release|Any CPU = Release|Any CPU
	EndGlobalSection
	GlobalSection(ProjectConfigurationPlatforms) = postSolution
		{1BCB6725-E8F5-4BDD-84C5-AA8A558BA353}.Debug|Any CPU.ActiveCfg = Debug|Any CPU
		{1BCB6725-E8F5-4BDD-84C5-AA8A558BA353}.Debug|Any CPU.Build.0 = Debug|Any CPU
		{1BCB6725-E8F5-4BDD-84C5-AA8A558BA353}.Release|Any CPU.ActiveCfg = Release|Any CPU
		{1BCB6725-E8F5-4BDD-84C5-AA8A558BA353}.Release|Any CPU.Build.0 = Release|Any CPU
		{AF0204BF-EE61-4891-B8A2-E41418F34333}.Debug|Any CPU.ActiveCfg = Debug|Any CPU
		{AF0204BF-EE61-4891-B8A2-E41418F34333}.Debug|Any CPU.Build.0 = Debug|Any CPU
		{AF0204BF-EE61-4891-B8A2-E41418F34333}.Release|Any CPU.ActiveCfg = Release|Any CPU
		{AF0204BF-EE61-4891-B8A2-E41418F34333}.Release|Any CPU.Build.0 = Release|Any CPU
		{DC3E72A8-3363-4366-A3F5-BE2D4F0FD0F6}.Debug|Any CPU.ActiveCfg = Debug|Any CPU
		{DC3E72A8-3363-4366-A3F5-BE2D4F0FD0F6}.Debug|Any CPU.Build.0 = Debug|Any CPU
		{DC3E72A8-3363-4366-A3F5-BE2D4F0FD0F6}.Release|Any CPU.ActiveCfg = Release|Any CPU
		{DC3E72A8-3363-4366-A3F5-BE2D4F0FD0F6}.Release|Any CPU.Build.0 = Release|Any CPU
	EndGlobalSection
	GlobalSection(SolutionProperties) = preSolution
		HideSolutionNode = FALSE
	EndGlobalSection
	GlobalSection(NestedProjects) = preSolution
		{5FC90F7A-8BFE-46FD-A63F-7A30E7BF401D} = {C5888900-6BB5-4EC8-BF0D-CEC916DF6BC3}
		{36D96DEE-6988-472F-AD2C-1B66F921A36E} = {C5888900-6BB5-4EC8-BF0D-CEC916DF6BC3}
		{1BCB6725-E8F5-4BDD-84C5-AA8A558BA353} = {5FC90F7A-8BFE-46FD-A63F-7A30E7BF401D}
		{AF0204BF-EE61-4891-B8A2-E41418F34333} = {36D96DEE-6988-472F-AD2C-1B66F921A36E}
		{08569402-D18C-4BC9-B12C-447B68128D1B} = {C5888900-6BB5-4EC8-BF0D-CEC916DF6BC3}
		{DC3E72A8-3363-4366-A3F5-BE2D4F0FD0F6} = {08569402-D18C-4BC9-B12C-447B68128D1B}
	EndGlobalSection
	GlobalSection(ExtensibilityGlobals) = postSolution
		SolutionGuid = {4C561FC2-DFC9-4767-8996-A3E997FE809F}
	EndGlobalSection
EndGlobal
